// !$*UTF8*$!
{
	archiveVersion = 1;
	classes = {
	};
	objectVersion = 56;
	objects = {

/* Begin PBXBuildFile section */
		532FDC942BC0B1B700766DFE /* My_NetworkApp.swift in Sources */ = {isa = PBXBuildFile; fileRef = 532FDC932BC0B1B700766DFE /* My_NetworkApp.swift */; };
		532FDC962BC0B1B700766DFE /* ContentView.swift in Sources */ = {isa = PBXBuildFile; fileRef = 532FDC952BC0B1B700766DFE /* ContentView.swift */; };
		532FDC982BC0B1B900766DFE /* Assets.xcassets in Resources */ = {isa = PBXBuildFile; fileRef = 532FDC972BC0B1B900766DFE /* Assets.xcassets */; };
		532FDC9B2BC0B1B900766DFE /* Preview Assets.xcassets in Resources */ = {isa = PBXBuildFile; fileRef = 532FDC9A2BC0B1B900766DFE /* Preview Assets.xcassets */; };
		532FDCA32BC0B5E500766DFE /* CountriesListView.swift in Sources */ = {isa = PBXBuildFile; fileRef = 532FDCA22BC0B5E500766DFE /* CountriesListView.swift */; };
		532FDCA52BC0B74900766DFE /* countries.json in Resources */ = {isa = PBXBuildFile; fileRef = 532FDCA42BC0B74900766DFE /* countries.json */; };
		532FDCA82BC0B7D600766DFE /* CountryModel.swift in Sources */ = {isa = PBXBuildFile; fileRef = 532FDCA72BC0B7D600766DFE /* CountryModel.swift */; };
		532FDCAA2BC0B8BE00766DFE /* extensions.swift in Sources */ = {isa = PBXBuildFile; fileRef = 532FDCA92BC0B8BE00766DFE /* extensions.swift */; };
		532FDCAC2BC0B97300766DFE /* CountryView.swift in Sources */ = {isa = PBXBuildFile; fileRef = 532FDCAB2BC0B97300766DFE /* CountryView.swift */; };
		537168EB2BC2C7C9005DE51D /* CountryHeader.swift in Sources */ = {isa = PBXBuildFile; fileRef = 537168EA2BC2C7C9005DE51D /* CountryHeader.swift */; };
		537168ED2BC2C861005DE51D /* ProfileDetailsView.swift in Sources */ = {isa = PBXBuildFile; fileRef = 537168EC2BC2C861005DE51D /* ProfileDetailsView.swift */; };
		537168EF2BC2CFEC005DE51D /* ClimateView.swift in Sources */ = {isa = PBXBuildFile; fileRef = 537168EE2BC2CFEC005DE51D /* ClimateView.swift */; };
		537168F12BC351E2005DE51D /* ClimateItem.swift in Sources */ = {isa = PBXBuildFile; fileRef = 537168F02BC351E2005DE51D /* ClimateItem.swift */; };
		537168F52BC35BCC005DE51D /* NaturalItem.swift in Sources */ = {isa = PBXBuildFile; fileRef = 537168F42BC35BCC005DE51D /* NaturalItem.swift */; };
		537168F72BC35E43005DE51D /* NaturalModel.swift in Sources */ = {isa = PBXBuildFile; fileRef = 537168F62BC35E43005DE51D /* NaturalModel.swift */; };
		537168F92BC35F27005DE51D /* NaturalView.swift in Sources */ = {isa = PBXBuildFile; fileRef = 537168F82BC35F27005DE51D /* NaturalView.swift */; };
		537168FB2BC3648E005DE51D /* TripView.swift in Sources */ = {isa = PBXBuildFile; fileRef = 537168FA2BC3648E005DE51D /* TripView.swift */; };
		53B507802BC591A300687820 /* DeviceManager.swift in Sources */ = {isa = PBXBuildFile; fileRef = 53B5077F2BC591A300687820 /* DeviceManager.swift */; };
		53B507822BC596B500687820 /* TabsPickerView.swift in Sources */ = {isa = PBXBuildFile; fileRef = 53B507812BC596B500687820 /* TabsPickerView.swift */; };
		53B507842BC5AB9100687820 /* NetworkHandler.swift in Sources */ = {isa = PBXBuildFile; fileRef = 53B507832BC5AB9100687820 /* NetworkHandler.swift */; };
		53B507862BC5CA5400687820 /* DemoModels.swift in Sources */ = {isa = PBXBuildFile; fileRef = 53B507852BC5CA5400687820 /* DemoModels.swift */; };
		53B978EA2BC1842500AD6C99 /* CountrySummaryView.swift in Sources */ = {isa = PBXBuildFile; fileRef = 53B978E92BC1842500AD6C99 /* CountrySummaryView.swift */; };
		53B978EC2BC1876100AD6C99 /* InfoItemView.swift in Sources */ = {isa = PBXBuildFile; fileRef = 53B978EB2BC1876100AD6C99 /* InfoItemView.swift */; };
		53B978EE2BC1A2FB00AD6C99 /* NetworkAboutView.swift in Sources */ = {isa = PBXBuildFile; fileRef = 53B978ED2BC1A2FB00AD6C99 /* NetworkAboutView.swift */; };
		53B978F02BC1A40A00AD6C99 /* LeadershipItem.swift in Sources */ = {isa = PBXBuildFile; fileRef = 53B978EF2BC1A40A00AD6C99 /* LeadershipItem.swift */; };
		53B978F22BC1A5FA00AD6C99 /* LeadershipView.swift in Sources */ = {isa = PBXBuildFile; fileRef = 53B978F12BC1A5FA00AD6C99 /* LeadershipView.swift */; };
		53B978F42BC1A88F00AD6C99 /* CountrySegmentTabView.swift in Sources */ = {isa = PBXBuildFile; fileRef = 53B978F32BC1A88F00AD6C99 /* CountrySegmentTabView.swift */; };
/* End PBXBuildFile section */

/* Begin PBXFileReference section */
		532FDC902BC0B1B700766DFE /* My Network.app */ = {isa = PBXFileReference; explicitFileType = wrapper.application; includeInIndex = 0; path = "My Network.app"; sourceTree = BUILT_PRODUCTS_DIR; };
		532FDC932BC0B1B700766DFE /* My_NetworkApp.swift */ = {isa = PBXFileReference; lastKnownFileType = sourcecode.swift; path = My_NetworkApp.swift; sourceTree = "<group>"; };
		532FDC952BC0B1B700766DFE /* ContentView.swift */ = {isa = PBXFileReference; lastKnownFileType = sourcecode.swift; path = ContentView.swift; sourceTree = "<group>"; };
		532FDC972BC0B1B900766DFE /* Assets.xcassets */ = {isa = PBXFileReference; lastKnownFileType = folder.assetcatalog; path = Assets.xcassets; sourceTree = "<group>"; };
		532FDC9A2BC0B1B900766DFE /* Preview Assets.xcassets */ = {isa = PBXFileReference; lastKnownFileType = folder.assetcatalog; path = "Preview Assets.xcassets"; sourceTree = "<group>"; };
		532FDCA22BC0B5E500766DFE /* CountriesListView.swift */ = {isa = PBXFileReference; lastKnownFileType = sourcecode.swift; path = CountriesListView.swift; sourceTree = "<group>"; };
		532FDCA42BC0B74900766DFE /* countries.json */ = {isa = PBXFileReference; lastKnownFileType = text.json; path = countries.json; sourceTree = "<group>"; };
		532FDCA72BC0B7D600766DFE /* CountryModel.swift */ = {isa = PBXFileReference; lastKnownFileType = sourcecode.swift; path = CountryModel.swift; sourceTree = "<group>"; };
		532FDCA92BC0B8BE00766DFE /* extensions.swift */ = {isa = PBXFileReference; lastKnownFileType = sourcecode.swift; path = extensions.swift; sourceTree = "<group>"; };
		532FDCAB2BC0B97300766DFE /* CountryView.swift */ = {isa = PBXFileReference; lastKnownFileType = sourcecode.swift; path = CountryView.swift; sourceTree = "<group>"; };
		537168EA2BC2C7C9005DE51D /* CountryHeader.swift */ = {isa = PBXFileReference; lastKnownFileType = sourcecode.swift; path = CountryHeader.swift; sourceTree = "<group>"; };
		537168EC2BC2C861005DE51D /* ProfileDetailsView.swift */ = {isa = PBXFileReference; lastKnownFileType = sourcecode.swift; path = ProfileDetailsView.swift; sourceTree = "<group>"; };
		537168EE2BC2CFEC005DE51D /* ClimateView.swift */ = {isa = PBXFileReference; lastKnownFileType = sourcecode.swift; path = ClimateView.swift; sourceTree = "<group>"; };
		537168F02BC351E2005DE51D /* ClimateItem.swift */ = {isa = PBXFileReference; lastKnownFileType = sourcecode.swift; path = ClimateItem.swift; sourceTree = "<group>"; };
		537168F42BC35BCC005DE51D /* NaturalItem.swift */ = {isa = PBXFileReference; lastKnownFileType = sourcecode.swift; path = NaturalItem.swift; sourceTree = "<group>"; };
		537168F62BC35E43005DE51D /* NaturalModel.swift */ = {isa = PBXFileReference; lastKnownFileType = sourcecode.swift; path = NaturalModel.swift; sourceTree = "<group>"; };
		537168F82BC35F27005DE51D /* NaturalView.swift */ = {isa = PBXFileReference; lastKnownFileType = sourcecode.swift; path = NaturalView.swift; sourceTree = "<group>"; };
		537168FA2BC3648E005DE51D /* TripView.swift */ = {isa = PBXFileReference; lastKnownFileType = sourcecode.swift; path = TripView.swift; sourceTree = "<group>"; };
		53B5077F2BC591A300687820 /* DeviceManager.swift */ = {isa = PBXFileReference; lastKnownFileType = sourcecode.swift; path = DeviceManager.swift; sourceTree = "<group>"; };
		53B507812BC596B500687820 /* TabsPickerView.swift */ = {isa = PBXFileReference; lastKnownFileType = sourcecode.swift; path = TabsPickerView.swift; sourceTree = "<group>"; };
		53B507832BC5AB9100687820 /* NetworkHandler.swift */ = {isa = PBXFileReference; lastKnownFileType = sourcecode.swift; path = NetworkHandler.swift; sourceTree = "<group>"; };
		53B507852BC5CA5400687820 /* DemoModels.swift */ = {isa = PBXFileReference; lastKnownFileType = sourcecode.swift; path = DemoModels.swift; sourceTree = "<group>"; };
		53B978E92BC1842500AD6C99 /* CountrySummaryView.swift */ = {isa = PBXFileReference; lastKnownFileType = sourcecode.swift; path = CountrySummaryView.swift; sourceTree = "<group>"; };
		53B978EB2BC1876100AD6C99 /* InfoItemView.swift */ = {isa = PBXFileReference; lastKnownFileType = sourcecode.swift; path = InfoItemView.swift; sourceTree = "<group>"; };
		53B978ED2BC1A2FB00AD6C99 /* NetworkAboutView.swift */ = {isa = PBXFileReference; lastKnownFileType = sourcecode.swift; path = NetworkAboutView.swift; sourceTree = "<group>"; };
		53B978EF2BC1A40A00AD6C99 /* LeadershipItem.swift */ = {isa = PBXFileReference; lastKnownFileType = sourcecode.swift; path = LeadershipItem.swift; sourceTree = "<group>"; };
		53B978F12BC1A5FA00AD6C99 /* LeadershipView.swift */ = {isa = PBXFileReference; lastKnownFileType = sourcecode.swift; path = LeadershipView.swift; sourceTree = "<group>"; };
		53B978F32BC1A88F00AD6C99 /* CountrySegmentTabView.swift */ = {isa = PBXFileReference; lastKnownFileType = sourcecode.swift; path = CountrySegmentTabView.swift; sourceTree = "<group>"; };
/* End PBXFileReference section */

/* Begin PBXFrameworksBuildPhase section */
		532FDC8D2BC0B1B700766DFE /* Frameworks */ = {
			isa = PBXFrameworksBuildPhase;
			buildActionMask = 2147483647;
			files = (
			);
			runOnlyForDeploymentPostprocessing = 0;
		};
/* End PBXFrameworksBuildPhase section */

/* Begin PBXGroup section */
		532FDC872BC0B1B700766DFE = {
			isa = PBXGroup;
			children = (
				532FDC922BC0B1B700766DFE /* My Network */,
				532FDC912BC0B1B700766DFE /* Products */,
			);
			sourceTree = "<group>";
		};
		532FDC912BC0B1B700766DFE /* Products */ = {
			isa = PBXGroup;
			children = (
				532FDC902BC0B1B700766DFE /* My Network.app */,
			);
			name = Products;
			sourceTree = "<group>";
		};
		532FDC922BC0B1B700766DFE /* My Network */ = {
			isa = PBXGroup;
			children = (
				532FDCA62BC0B7C700766DFE /* Models */,
				532FDCA12BC0B5CA00766DFE /* Views */,
				532FDC932BC0B1B700766DFE /* My_NetworkApp.swift */,
				532FDC972BC0B1B900766DFE /* Assets.xcassets */,
				532FDC992BC0B1B900766DFE /* Preview Content */,
				532FDCA42BC0B74900766DFE /* countries.json */,
			);
			path = "My Network";
			sourceTree = "<group>";
		};
		532FDC992BC0B1B900766DFE /* Preview Content */ = {
			isa = PBXGroup;
			children = (
				532FDC9A2BC0B1B900766DFE /* Preview Assets.xcassets */,
			);
			path = "Preview Content";
			sourceTree = "<group>";
		};
		532FDCA12BC0B5CA00766DFE /* Views */ = {
			isa = PBXGroup;
			children = (
				532FDC952BC0B1B700766DFE /* ContentView.swift */,
				532FDCA22BC0B5E500766DFE /* CountriesListView.swift */,
				532FDCAB2BC0B97300766DFE /* CountryView.swift */,
				53B978E92BC1842500AD6C99 /* CountrySummaryView.swift */,
				53B978EB2BC1876100AD6C99 /* InfoItemView.swift */,
				53B978ED2BC1A2FB00AD6C99 /* NetworkAboutView.swift */,
				53B978EF2BC1A40A00AD6C99 /* LeadershipItem.swift */,
				53B978F12BC1A5FA00AD6C99 /* LeadershipView.swift */,
				53B978F32BC1A88F00AD6C99 /* CountrySegmentTabView.swift */,
				537168EA2BC2C7C9005DE51D /* CountryHeader.swift */,
				537168EC2BC2C861005DE51D /* ProfileDetailsView.swift */,
				537168EE2BC2CFEC005DE51D /* ClimateView.swift */,
				537168F02BC351E2005DE51D /* ClimateItem.swift */,
				537168F42BC35BCC005DE51D /* NaturalItem.swift */,
				537168F82BC35F27005DE51D /* NaturalView.swift */,
				537168FA2BC3648E005DE51D /* TripView.swift */,
				53B507812BC596B500687820 /* TabsPickerView.swift */,
			);
			path = Views;
			sourceTree = "<group>";
		};
		532FDCA62BC0B7C700766DFE /* Models */ = {
			isa = PBXGroup;
			children = (
				532FDCA72BC0B7D600766DFE /* CountryModel.swift */,
				532FDCA92BC0B8BE00766DFE /* extensions.swift */,
				537168F62BC35E43005DE51D /* NaturalModel.swift */,
				53B5077F2BC591A300687820 /* DeviceManager.swift */,
				53B507832BC5AB9100687820 /* NetworkHandler.swift */,
				53B507852BC5CA5400687820 /* DemoModels.swift */,
			);
			path = Models;
			sourceTree = "<group>";
		};
/* End PBXGroup section */

/* Begin PBXNativeTarget section */
		532FDC8F2BC0B1B700766DFE /* My Network */ = {
			isa = PBXNativeTarget;
			buildConfigurationList = 532FDC9E2BC0B1B900766DFE /* Build configuration list for PBXNativeTarget "My Network" */;
			buildPhases = (
				532FDC8C2BC0B1B700766DFE /* Sources */,
				532FDC8D2BC0B1B700766DFE /* Frameworks */,
				532FDC8E2BC0B1B700766DFE /* Resources */,
			);
			buildRules = (
			);
			dependencies = (
			);
			name = "My Network";
			productName = "My Network";
			productReference = 532FDC902BC0B1B700766DFE /* My Network.app */;
			productType = "com.apple.product-type.application";
		};
/* End PBXNativeTarget section */

/* Begin PBXProject section */
		532FDC882BC0B1B700766DFE /* Project object */ = {
			isa = PBXProject;
			attributes = {
				BuildIndependentTargetsInParallel = 1;
				LastSwiftUpdateCheck = 1530;
				LastUpgradeCheck = 1530;
				TargetAttributes = {
					532FDC8F2BC0B1B700766DFE = {
						CreatedOnToolsVersion = 15.3;
					};
				};
			};
			buildConfigurationList = 532FDC8B2BC0B1B700766DFE /* Build configuration list for PBXProject "My Network" */;
			compatibilityVersion = "Xcode 14.0";
			developmentRegion = en;
			hasScannedForEncodings = 0;
			knownRegions = (
				en,
				Base,
			);
			mainGroup = 532FDC872BC0B1B700766DFE;
			productRefGroup = 532FDC912BC0B1B700766DFE /* Products */;
			projectDirPath = "";
			projectRoot = "";
			targets = (
				532FDC8F2BC0B1B700766DFE /* My Network */,
			);
		};
/* End PBXProject section */

/* Begin PBXResourcesBuildPhase section */
		532FDC8E2BC0B1B700766DFE /* Resources */ = {
			isa = PBXResourcesBuildPhase;
			buildActionMask = 2147483647;
			files = (
				532FDCA52BC0B74900766DFE /* countries.json in Resources */,
				532FDC9B2BC0B1B900766DFE /* Preview Assets.xcassets in Resources */,
				532FDC982BC0B1B900766DFE /* Assets.xcassets in Resources */,
			);
			runOnlyForDeploymentPostprocessing = 0;
		};
/* End PBXResourcesBuildPhase section */

/* Begin PBXSourcesBuildPhase section */
		532FDC8C2BC0B1B700766DFE /* Sources */ = {
			isa = PBXSourcesBuildPhase;
			buildActionMask = 2147483647;
			files = (
				532FDCAA2BC0B8BE00766DFE /* extensions.swift in Sources */,
				532FDC962BC0B1B700766DFE /* ContentView.swift in Sources */,
				537168F92BC35F27005DE51D /* NaturalView.swift in Sources */,
				537168FB2BC3648E005DE51D /* TripView.swift in Sources */,
				53B507862BC5CA5400687820 /* DemoModels.swift in Sources */,
				537168EF2BC2CFEC005DE51D /* ClimateView.swift in Sources */,
				532FDCA32BC0B5E500766DFE /* CountriesListView.swift in Sources */,
				53B978F42BC1A88F00AD6C99 /* CountrySegmentTabView.swift in Sources */,
				53B507842BC5AB9100687820 /* NetworkHandler.swift in Sources */,
				53B507802BC591A300687820 /* DeviceManager.swift in Sources */,
				537168EB2BC2C7C9005DE51D /* CountryHeader.swift in Sources */,
				53B978EC2BC1876100AD6C99 /* InfoItemView.swift in Sources */,
				532FDCAC2BC0B97300766DFE /* CountryView.swift in Sources */,
				537168F52BC35BCC005DE51D /* NaturalItem.swift in Sources */,
				537168F72BC35E43005DE51D /* NaturalModel.swift in Sources */,
				53B978F22BC1A5FA00AD6C99 /* LeadershipView.swift in Sources */,
				53B978F02BC1A40A00AD6C99 /* LeadershipItem.swift in Sources */,
				537168F12BC351E2005DE51D /* ClimateItem.swift in Sources */,
				532FDCA82BC0B7D600766DFE /* CountryModel.swift in Sources */,
				53B978EE2BC1A2FB00AD6C99 /* NetworkAboutView.swift in Sources */,
				53B507822BC596B500687820 /* TabsPickerView.swift in Sources */,
				537168ED2BC2C861005DE51D /* ProfileDetailsView.swift in Sources */,
				53B978EA2BC1842500AD6C99 /* CountrySummaryView.swift in Sources */,
				532FDC942BC0B1B700766DFE /* My_NetworkApp.swift in Sources */,
			);
			runOnlyForDeploymentPostprocessing = 0;
		};
/* End PBXSourcesBuildPhase section */

/* Begin XCBuildConfiguration section */
		532FDC9C2BC0B1B900766DFE /* Debug */ = {
			isa = XCBuildConfiguration;
			buildSettings = {
				ALWAYS_SEARCH_USER_PATHS = NO;
				ASSETCATALOG_COMPILER_GENERATE_SWIFT_ASSET_SYMBOL_EXTENSIONS = YES;
				CLANG_ANALYZER_NONNULL = YES;
				CLANG_ANALYZER_NUMBER_OBJECT_CONVERSION = YES_AGGRESSIVE;
				CLANG_CXX_LANGUAGE_STANDARD = "gnu++20";
				CLANG_ENABLE_MODULES = YES;
				CLANG_ENABLE_OBJC_ARC = YES;
				CLANG_ENABLE_OBJC_WEAK = YES;
				CLANG_WARN_BLOCK_CAPTURE_AUTORELEASING = YES;
				CLANG_WARN_BOOL_CONVERSION = YES;
				CLANG_WARN_COMMA = YES;
				CLANG_WARN_CONSTANT_CONVERSION = YES;
				CLANG_WARN_DEPRECATED_OBJC_IMPLEMENTATIONS = YES;
				CLANG_WARN_DIRECT_OBJC_ISA_USAGE = YES_ERROR;
				CLANG_WARN_DOCUMENTATION_COMMENTS = YES;
				CLANG_WARN_EMPTY_BODY = YES;
				CLANG_WARN_ENUM_CONVERSION = YES;
				CLANG_WARN_INFINITE_RECURSION = YES;
				CLANG_WARN_INT_CONVERSION = YES;
				CLANG_WARN_NON_LITERAL_NULL_CONVERSION = YES;
				CLANG_WARN_OBJC_IMPLICIT_RETAIN_SELF = YES;
				CLANG_WARN_OBJC_LITERAL_CONVERSION = YES;
				CLANG_WARN_OBJC_ROOT_CLASS = YES_ERROR;
				CLANG_WARN_QUOTED_INCLUDE_IN_FRAMEWORK_HEADER = YES;
				CLANG_WARN_RANGE_LOOP_ANALYSIS = YES;
				CLANG_WARN_STRICT_PROTOTYPES = YES;
				CLANG_WARN_SUSPICIOUS_MOVE = YES;
				CLANG_WARN_UNGUARDED_AVAILABILITY = YES_AGGRESSIVE;
				CLANG_WARN_UNREACHABLE_CODE = YES;
				CLANG_WARN__DUPLICATE_METHOD_MATCH = YES;
				COPY_PHASE_STRIP = NO;
				DEBUG_INFORMATION_FORMAT = dwarf;
				ENABLE_STRICT_OBJC_MSGSEND = YES;
				ENABLE_TESTABILITY = YES;
				ENABLE_USER_SCRIPT_SANDBOXING = YES;
				GCC_C_LANGUAGE_STANDARD = gnu17;
				GCC_DYNAMIC_NO_PIC = NO;
				GCC_NO_COMMON_BLOCKS = YES;
				GCC_OPTIMIZATION_LEVEL = 0;
				GCC_PREPROCESSOR_DEFINITIONS = (
					"DEBUG=1",
					"$(inherited)",
				);
				GCC_WARN_64_TO_32_BIT_CONVERSION = YES;
				GCC_WARN_ABOUT_RETURN_TYPE = YES_ERROR;
				GCC_WARN_UNDECLARED_SELECTOR = YES;
				GCC_WARN_UNINITIALIZED_AUTOS = YES_AGGRESSIVE;
				GCC_WARN_UNUSED_FUNCTION = YES;
				GCC_WARN_UNUSED_VARIABLE = YES;
				IPHONEOS_DEPLOYMENT_TARGET = 17.4;
				LOCALIZATION_PREFERS_STRING_CATALOGS = YES;
				MTL_ENABLE_DEBUG_INFO = INCLUDE_SOURCE;
				MTL_FAST_MATH = YES;
				ONLY_ACTIVE_ARCH = YES;
				SDKROOT = iphoneos;
				SWIFT_ACTIVE_COMPILATION_CONDITIONS = "DEBUG $(inherited)";
				SWIFT_OPTIMIZATION_LEVEL = "-Onone";
			};
			name = Debug;
		};
		532FDC9D2BC0B1B900766DFE /* Release */ = {
			isa = XCBuildConfiguration;
			buildSettings = {
				ALWAYS_SEARCH_USER_PATHS = NO;
				ASSETCATALOG_COMPILER_GENERATE_SWIFT_ASSET_SYMBOL_EXTENSIONS = YES;
				CLANG_ANALYZER_NONNULL = YES;
				CLANG_ANALYZER_NUMBER_OBJECT_CONVERSION = YES_AGGRESSIVE;
				CLANG_CXX_LANGUAGE_STANDARD = "gnu++20";
				CLANG_ENABLE_MODULES = YES;
				CLANG_ENABLE_OBJC_ARC = YES;
				CLANG_ENABLE_OBJC_WEAK = YES;
				CLANG_WARN_BLOCK_CAPTURE_AUTORELEASING = YES;
				CLANG_WARN_BOOL_CONVERSION = YES;
				CLANG_WARN_COMMA = YES;
				CLANG_WARN_CONSTANT_CONVERSION = YES;
				CLANG_WARN_DEPRECATED_OBJC_IMPLEMENTATIONS = YES;
				CLANG_WARN_DIRECT_OBJC_ISA_USAGE = YES_ERROR;
				CLANG_WARN_DOCUMENTATION_COMMENTS = YES;
				CLANG_WARN_EMPTY_BODY = YES;
				CLANG_WARN_ENUM_CONVERSION = YES;
				CLANG_WARN_INFINITE_RECURSION = YES;
				CLANG_WARN_INT_CONVERSION = YES;
				CLANG_WARN_NON_LITERAL_NULL_CONVERSION = YES;
				CLANG_WARN_OBJC_IMPLICIT_RETAIN_SELF = YES;
				CLANG_WARN_OBJC_LITERAL_CONVERSION = YES;
				CLANG_WARN_OBJC_ROOT_CLASS = YES_ERROR;
				CLANG_WARN_QUOTED_INCLUDE_IN_FRAMEWORK_HEADER = YES;
				CLANG_WARN_RANGE_LOOP_ANALYSIS = YES;
				CLANG_WARN_STRICT_PROTOTYPES = YES;
				CLANG_WARN_SUSPICIOUS_MOVE = YES;
				CLANG_WARN_UNGUARDED_AVAILABILITY = YES_AGGRESSIVE;
				CLANG_WARN_UNREACHABLE_CODE = YES;
				CLANG_WARN__DUPLICATE_METHOD_MATCH = YES;
				COPY_PHASE_STRIP = NO;
				DEBUG_INFORMATION_FORMAT = "dwarf-with-dsym";
				ENABLE_NS_ASSERTIONS = NO;
				ENABLE_STRICT_OBJC_MSGSEND = YES;
				ENABLE_USER_SCRIPT_SANDBOXING = YES;
				GCC_C_LANGUAGE_STANDARD = gnu17;
				GCC_NO_COMMON_BLOCKS = YES;
				GCC_WARN_64_TO_32_BIT_CONVERSION = YES;
				GCC_WARN_ABOUT_RETURN_TYPE = YES_ERROR;
				GCC_WARN_UNDECLARED_SELECTOR = YES;
				GCC_WARN_UNINITIALIZED_AUTOS = YES_AGGRESSIVE;
				GCC_WARN_UNUSED_FUNCTION = YES;
				GCC_WARN_UNUSED_VARIABLE = YES;
				IPHONEOS_DEPLOYMENT_TARGET = 17.4;
				LOCALIZATION_PREFERS_STRING_CATALOGS = YES;
				MTL_ENABLE_DEBUG_INFO = NO;
				MTL_FAST_MATH = YES;
				SDKROOT = iphoneos;
				SWIFT_COMPILATION_MODE = wholemodule;
				VALIDATE_PRODUCT = YES;
			};
			name = Release;
		};
		532FDC9F2BC0B1B900766DFE /* Debug */ = {
			isa = XCBuildConfiguration;
			buildSettings = {
				ASSETCATALOG_COMPILER_APPICON_NAME = AppIcon;
				ASSETCATALOG_COMPILER_GLOBAL_ACCENT_COLOR_NAME = AccentColor;
				CODE_SIGN_STYLE = Automatic;
				CURRENT_PROJECT_VERSION = 1;
				DEVELOPMENT_ASSET_PATHS = "\"My Network/Preview Content\"";
				DEVELOPMENT_TEAM = X6B352QQUD;
				ENABLE_PREVIEWS = YES;
				GENERATE_INFOPLIST_FILE = YES;
				INFOPLIST_KEY_UIApplicationSceneManifest_Generation = YES;
				INFOPLIST_KEY_UIApplicationSupportsIndirectInputEvents = YES;
				INFOPLIST_KEY_UILaunchScreen_Generation = YES;
				INFOPLIST_KEY_UISupportedInterfaceOrientations_iPad = "UIInterfaceOrientationPortrait UIInterfaceOrientationPortraitUpsideDown UIInterfaceOrientationLandscapeLeft UIInterfaceOrientationLandscapeRight";
				INFOPLIST_KEY_UISupportedInterfaceOrientations_iPhone = "UIInterfaceOrientationPortrait UIInterfaceOrientationLandscapeLeft UIInterfaceOrientationLandscapeRight";
				LD_RUNPATH_SEARCH_PATHS = (
					"$(inherited)",
					"@executable_path/Frameworks",
				);
				MARKETING_VERSION = 1.0;
				PRODUCT_BUNDLE_IDENTIFIER = "com.moaapps.My-Network";
				PRODUCT_NAME = "$(TARGET_NAME)";
				SWIFT_EMIT_LOC_STRINGS = YES;
				SWIFT_VERSION = 5.0;
				TARGETED_DEVICE_FAMILY = "1,2";
			};
			name = Debug;
		};
		532FDCA02BC0B1B900766DFE /* Release */ = {
			isa = XCBuildConfiguration;
			buildSettings = {
				ASSETCATALOG_COMPILER_APPICON_NAME = AppIcon;
				ASSETCATALOG_COMPILER_GLOBAL_ACCENT_COLOR_NAME = AccentColor;
				CODE_SIGN_STYLE = Automatic;
				CURRENT_PROJECT_VERSION = 1;
				DEVELOPMENT_ASSET_PATHS = "\"My Network/Preview Content\"";
				DEVELOPMENT_TEAM = X6B352QQUD;
				ENABLE_PREVIEWS = YES;
				GENERATE_INFOPLIST_FILE = YES;
				INFOPLIST_KEY_UIApplicationSceneManifest_Generation = YES;
				INFOPLIST_KEY_UIApplicationSupportsIndirectInputEvents = YES;
				INFOPLIST_KEY_UILaunchScreen_Generation = YES;
				INFOPLIST_KEY_UISupportedInterfaceOrientations_iPad = "UIInterfaceOrientationPortrait UIInterfaceOrientationPortraitUpsideDown UIInterfaceOrientationLandscapeLeft UIInterfaceOrientationLandscapeRight";
				INFOPLIST_KEY_UISupportedInterfaceOrientations_iPhone = "UIInterfaceOrientationPortrait UIInterfaceOrientationLandscapeLeft UIInterfaceOrientationLandscapeRight";
				LD_RUNPATH_SEARCH_PATHS = (
					"$(inherited)",
					"@executable_path/Frameworks",
				);
				MARKETING_VERSION = 1.0;
				PRODUCT_BUNDLE_IDENTIFIER = "com.moaapps.My-Network";
				PRODUCT_NAME = "$(TARGET_NAME)";
				SWIFT_EMIT_LOC_STRINGS = YES;
				SWIFT_VERSION = 5.0;
				TARGETED_DEVICE_FAMILY = "1,2";
			};
			name = Release;
		};
/* End XCBuildConfiguration section */

/* Begin XCConfigurationList section */
		532FDC8B2BC0B1B700766DFE /* Build configuration list for PBXProject "My Network" */ = {
			isa = XCConfigurationList;
			buildConfigurations = (
				532FDC9C2BC0B1B900766DFE /* Debug */,
				532FDC9D2BC0B1B900766DFE /* Release */,
			);
			defaultConfigurationIsVisible = 0;
			defaultConfigurationName = Release;
		};
		532FDC9E2BC0B1B900766DFE /* Build configuration list for PBXNativeTarget "My Network" */ = {
			isa = XCConfigurationList;
			buildConfigurations = (
				532FDC9F2BC0B1B900766DFE /* Debug */,
				532FDCA02BC0B1B900766DFE /* Release */,
			);
			defaultConfigurationIsVisible = 0;
			defaultConfigurationName = Release;
		};
/* End XCConfigurationList section */
	};
	rootObject = 532FDC882BC0B1B700766DFE /* Project object */;
}
